github.com/lik-co/testlib v0.0.0-20240131123930-397236eab948 h1:MD0g82qV2TdKDbetOdm2prnHGV5vQkxMggNkV8LUsjg=
github.com/lik-co/testlib v0.0.0-20240131123930-397236eab948/go.mod h1:JIXcM/AS7T3HrX1VFHF69qWnumZEQMBm17dJoVrBaXY=
github.com/lik-co/testlib v0.0.0-20240131124257-46e57db44b4c h1:ruhc0DOnT5NBbzudJgCX81KpHvClYTfSmmq3TjzvLOg=
github.com/lik-co/testlib v0.0.0-20240131124257-46e57db44b4c/go.mod h1:JIXcM/AS7T3HrX1VFHF69qWnumZEQMBm17dJoVrBaXY=
